
Microsoft Visual Studio Solution File, Format Version 12.00
# Visual Studio Version 17
VisualStudioVersion = 17.5.33530.505
MinimumVisualStudioVersion = 10.0.40219.1
Project("{FAE04EC0-301F-11D3-BF4B-00C04F79EFBC}") = "shyhumangamesrunner", "shyhumangamesrunner.csproj", "{23BC8A34-0A33-4306-AD00-213CED7275BE}"
EndProject
Global
	GlobalSection(SolutionConfigurationPlatforms) = preSolution
		Debug|Any CPU = Debug|Any CPU
		Release|Any CPU = Release|Any CPU
	EndGlobalSection
	GlobalSection(ProjectConfigurationPlatforms) = postSolution
		{23BC8A34-0A33-4306-AD00-213CED7275BE}.Debug|Any CPU.ActiveCfg = Debug|Any CPU
		{23BC8A34-0A33-4306-AD00-213CED7275BE}.Debug|Any CPU.Build.0 = Debug|Any CPU
		{23BC8A34-0A33-4306-AD00-213CED7275BE}.Release|Any CPU.ActiveCfg = Release|Any CPU
		{23BC8A34-0A33-4306-AD00-213CED7275BE}.Release|Any CPU.Build.0 = Release|Any CPU
	EndGlobalSection
	GlobalSection(SolutionProperties) = preSolution
		HideSolutionNode = FALSE
	EndGlobalSection
	GlobalSection(ExtensibilityGlobals) = postSolution
		SolutionGuid = {CBD5A3B2-A1D5-4C6E-AD03-ABAB3AF033BB}
	EndGlobalSection
EndGlobal
